# This file is automatically @generated by Cargo.
# It is not intended for manual editing.
[[package]]
name = "addr2line"
version = "0.12.1"
source = "registry+https://github.com/rust-lang/crates.io-index"
dependencies = [
 "gimli 0.21.0 (registry+https://github.com/rust-lang/crates.io-index)",
]

[[package]]
name = "aho-corasick"
version = "0.7.10"
source = "registry+https://github.com/rust-lang/crates.io-index"
dependencies = [
 "memchr 2.3.3 (registry+https://github.com/rust-lang/crates.io-index)",
]

[[package]]
name = "async-stream"
version = "0.2.1"
source = "registry+https://github.com/rust-lang/crates.io-index"
dependencies = [
 "async-stream-impl 0.2.1 (registry+https://github.com/rust-lang/crates.io-index)",
 "futures-core 0.3.5 (registry+https://github.com/rust-lang/crates.io-index)",
]

[[package]]
name = "async-stream-impl"
version = "0.2.1"
source = "registry+https://github.com/rust-lang/crates.io-index"
dependencies = [
 "proc-macro2 1.0.18 (registry+https://github.com/rust-lang/crates.io-index)",
 "quote 1.0.7 (registry+https://github.com/rust-lang/crates.io-index)",
 "syn 1.0.31 (registry+https://github.com/rust-lang/crates.io-index)",
]

[[package]]
name = "async-trait"
version = "0.1.35"
source = "registry+https://github.com/rust-lang/crates.io-index"
dependencies = [
 "proc-macro2 1.0.18 (registry+https://github.com/rust-lang/crates.io-index)",
 "quote 1.0.7 (registry+https://github.com/rust-lang/crates.io-index)",
 "syn 1.0.31 (registry+https://github.com/rust-lang/crates.io-index)",
]

[[package]]
name = "backtrace"
version = "0.3.48"
source = "registry+https://github.com/rust-lang/crates.io-index"
dependencies = [
 "addr2line 0.12.1 (registry+https://github.com/rust-lang/crates.io-index)",
 "cfg-if 0.1.10 (registry+https://github.com/rust-lang/crates.io-index)",
 "libc 0.2.71 (registry+https://github.com/rust-lang/crates.io-index)",
 "object 0.19.0 (registry+https://github.com/rust-lang/crates.io-index)",
 "rustc-demangle 0.1.16 (registry+https://github.com/rust-lang/crates.io-index)",
]

[[package]]
name = "bstr"
version = "0.2.13"
source = "registry+https://github.com/rust-lang/crates.io-index"
dependencies = [
 "memchr 2.3.3 (registry+https://github.com/rust-lang/crates.io-index)",
]

[[package]]
name = "bytes"
version = "0.5.4"
source = "registry+https://github.com/rust-lang/crates.io-index"

[[package]]
name = "cfg-if"
version = "0.1.10"
source = "registry+https://github.com/rust-lang/crates.io-index"

[[package]]
name = "failure"
version = "0.1.8"
source = "registry+https://github.com/rust-lang/crates.io-index"
dependencies = [
 "backtrace 0.3.48 (registry+https://github.com/rust-lang/crates.io-index)",
 "failure_derive 0.1.8 (registry+https://github.com/rust-lang/crates.io-index)",
]

[[package]]
name = "failure_derive"
version = "0.1.8"
source = "registry+https://github.com/rust-lang/crates.io-index"
dependencies = [
 "proc-macro2 1.0.18 (registry+https://github.com/rust-lang/crates.io-index)",
 "quote 1.0.7 (registry+https://github.com/rust-lang/crates.io-index)",
 "syn 1.0.31 (registry+https://github.com/rust-lang/crates.io-index)",
 "synstructure 0.12.4 (registry+https://github.com/rust-lang/crates.io-index)",
]

[[package]]
name = "fnv"
version = "1.0.7"
source = "registry+https://github.com/rust-lang/crates.io-index"

[[package]]
name = "futures"
version = "0.3.5"
source = "registry+https://github.com/rust-lang/crates.io-index"
dependencies = [
 "futures-channel 0.3.5 (registry+https://github.com/rust-lang/crates.io-index)",
 "futures-core 0.3.5 (registry+https://github.com/rust-lang/crates.io-index)",
 "futures-executor 0.3.5 (registry+https://github.com/rust-lang/crates.io-index)",
 "futures-io 0.3.5 (registry+https://github.com/rust-lang/crates.io-index)",
 "futures-sink 0.3.5 (registry+https://github.com/rust-lang/crates.io-index)",
 "futures-task 0.3.5 (registry+https://github.com/rust-lang/crates.io-index)",
 "futures-util 0.3.5 (registry+https://github.com/rust-lang/crates.io-index)",
]

[[package]]
name = "futures-channel"
version = "0.3.5"
source = "registry+https://github.com/rust-lang/crates.io-index"
dependencies = [
 "futures-core 0.3.5 (registry+https://github.com/rust-lang/crates.io-index)",
 "futures-sink 0.3.5 (registry+https://github.com/rust-lang/crates.io-index)",
]

[[package]]
name = "futures-core"
version = "0.3.5"
source = "registry+https://github.com/rust-lang/crates.io-index"

[[package]]
name = "futures-executor"
version = "0.3.5"
source = "registry+https://github.com/rust-lang/crates.io-index"
dependencies = [
 "futures-core 0.3.5 (registry+https://github.com/rust-lang/crates.io-index)",
 "futures-task 0.3.5 (registry+https://github.com/rust-lang/crates.io-index)",
 "futures-util 0.3.5 (registry+https://github.com/rust-lang/crates.io-index)",
]

[[package]]
name = "futures-io"
version = "0.3.5"
source = "registry+https://github.com/rust-lang/crates.io-index"

[[package]]
name = "futures-macro"
version = "0.3.5"
source = "registry+https://github.com/rust-lang/crates.io-index"
dependencies = [
 "proc-macro-hack 0.5.16 (registry+https://github.com/rust-lang/crates.io-index)",
 "proc-macro2 1.0.18 (registry+https://github.com/rust-lang/crates.io-index)",
 "quote 1.0.7 (registry+https://github.com/rust-lang/crates.io-index)",
 "syn 1.0.31 (registry+https://github.com/rust-lang/crates.io-index)",
]

[[package]]
name = "futures-sink"
version = "0.3.5"
source = "registry+https://github.com/rust-lang/crates.io-index"

[[package]]
name = "futures-task"
version = "0.3.5"
source = "registry+https://github.com/rust-lang/crates.io-index"
dependencies = [
 "once_cell 1.4.0 (registry+https://github.com/rust-lang/crates.io-index)",
]

[[package]]
name = "futures-util"
version = "0.3.5"
source = "registry+https://github.com/rust-lang/crates.io-index"
dependencies = [
 "futures-channel 0.3.5 (registry+https://github.com/rust-lang/crates.io-index)",
 "futures-core 0.3.5 (registry+https://github.com/rust-lang/crates.io-index)",
 "futures-io 0.3.5 (registry+https://github.com/rust-lang/crates.io-index)",
 "futures-macro 0.3.5 (registry+https://github.com/rust-lang/crates.io-index)",
 "futures-sink 0.3.5 (registry+https://github.com/rust-lang/crates.io-index)",
 "futures-task 0.3.5 (registry+https://github.com/rust-lang/crates.io-index)",
 "memchr 2.3.3 (registry+https://github.com/rust-lang/crates.io-index)",
 "pin-project 0.4.20 (registry+https://github.com/rust-lang/crates.io-index)",
 "pin-utils 0.1.0 (registry+https://github.com/rust-lang/crates.io-index)",
 "proc-macro-hack 0.5.16 (registry+https://github.com/rust-lang/crates.io-index)",
 "proc-macro-nested 0.1.5 (registry+https://github.com/rust-lang/crates.io-index)",
 "slab 0.4.2 (registry+https://github.com/rust-lang/crates.io-index)",
]

[[package]]
name = "gimli"
version = "0.21.0"
source = "registry+https://github.com/rust-lang/crates.io-index"

[[package]]
name = "globset"
version = "0.4.5"
source = "registry+https://github.com/rust-lang/crates.io-index"
dependencies = [
 "aho-corasick 0.7.10 (registry+https://github.com/rust-lang/crates.io-index)",
 "bstr 0.2.13 (registry+https://github.com/rust-lang/crates.io-index)",
 "fnv 1.0.7 (registry+https://github.com/rust-lang/crates.io-index)",
 "log 0.4.8 (registry+https://github.com/rust-lang/crates.io-index)",
 "regex 1.3.9 (registry+https://github.com/rust-lang/crates.io-index)",
]

[[package]]
name = "lazy_static"
version = "1.4.0"
source = "registry+https://github.com/rust-lang/crates.io-index"

[[package]]
name = "libc"
version = "0.2.71"
source = "registry+https://github.com/rust-lang/crates.io-index"

[[package]]
name = "log"
version = "0.4.8"
source = "registry+https://github.com/rust-lang/crates.io-index"
dependencies = [
 "cfg-if 0.1.10 (registry+https://github.com/rust-lang/crates.io-index)",
]

[[package]]
name = "memchr"
version = "2.3.3"
source = "registry+https://github.com/rust-lang/crates.io-index"

[[package]]
name = "object"
version = "0.19.0"
source = "registry+https://github.com/rust-lang/crates.io-index"

[[package]]
name = "once_cell"
version = "1.4.0"
source = "registry+https://github.com/rust-lang/crates.io-index"

[[package]]
name = "pathutils"
version = "0.1.0"
source = "git+https://github.com/kildevaeld/pathutils-rs.git#338b37de92fdf7b077c9627bb1df5dc2c95fade9"
dependencies = [
 "lazy_static 1.4.0 (registry+https://github.com/rust-lang/crates.io-index)",
 "regex 1.3.9 (registry+https://github.com/rust-lang/crates.io-index)",
]

[[package]]
name = "pin-project"
version = "0.4.20"
source = "registry+https://github.com/rust-lang/crates.io-index"
dependencies = [
 "pin-project-internal 0.4.20 (registry+https://github.com/rust-lang/crates.io-index)",
]

[[package]]
name = "pin-project-internal"
version = "0.4.20"
source = "registry+https://github.com/rust-lang/crates.io-index"
dependencies = [
 "proc-macro2 1.0.18 (registry+https://github.com/rust-lang/crates.io-index)",
 "quote 1.0.7 (registry+https://github.com/rust-lang/crates.io-index)",
 "syn 1.0.31 (registry+https://github.com/rust-lang/crates.io-index)",
]

[[package]]
name = "pin-project-lite"
version = "0.1.7"
source = "registry+https://github.com/rust-lang/crates.io-index"

[[package]]
name = "pin-utils"
version = "0.1.0"
source = "registry+https://github.com/rust-lang/crates.io-index"

[[package]]
name = "proc-macro-hack"
version = "0.5.16"
source = "registry+https://github.com/rust-lang/crates.io-index"

[[package]]
name = "proc-macro-nested"
version = "0.1.5"
source = "registry+https://github.com/rust-lang/crates.io-index"

[[package]]
name = "proc-macro2"
version = "1.0.18"
source = "registry+https://github.com/rust-lang/crates.io-index"
dependencies = [
 "unicode-xid 0.2.0 (registry+https://github.com/rust-lang/crates.io-index)",
]

[[package]]
name = "quote"
version = "1.0.7"
source = "registry+https://github.com/rust-lang/crates.io-index"
dependencies = [
 "proc-macro2 1.0.18 (registry+https://github.com/rust-lang/crates.io-index)",
]

[[package]]
name = "regex"
version = "1.3.9"
source = "registry+https://github.com/rust-lang/crates.io-index"
dependencies = [
 "aho-corasick 0.7.10 (registry+https://github.com/rust-lang/crates.io-index)",
 "memchr 2.3.3 (registry+https://github.com/rust-lang/crates.io-index)",
 "regex-syntax 0.6.18 (registry+https://github.com/rust-lang/crates.io-index)",
 "thread_local 1.0.1 (registry+https://github.com/rust-lang/crates.io-index)",
]

[[package]]
name = "regex-syntax"
version = "0.6.18"
source = "registry+https://github.com/rust-lang/crates.io-index"

[[package]]
name = "rustc-demangle"
version = "0.1.16"
source = "registry+https://github.com/rust-lang/crates.io-index"

[[package]]
name = "slab"
version = "0.4.2"
source = "registry+https://github.com/rust-lang/crates.io-index"

[[package]]
name = "syn"
version = "1.0.31"
source = "registry+https://github.com/rust-lang/crates.io-index"
dependencies = [
 "proc-macro2 1.0.18 (registry+https://github.com/rust-lang/crates.io-index)",
 "quote 1.0.7 (registry+https://github.com/rust-lang/crates.io-index)",
 "unicode-xid 0.2.0 (registry+https://github.com/rust-lang/crates.io-index)",
]

[[package]]
name = "synstructure"
version = "0.12.4"
source = "registry+https://github.com/rust-lang/crates.io-index"
dependencies = [
 "proc-macro2 1.0.18 (registry+https://github.com/rust-lang/crates.io-index)",
 "quote 1.0.7 (registry+https://github.com/rust-lang/crates.io-index)",
 "syn 1.0.31 (registry+https://github.com/rust-lang/crates.io-index)",
 "unicode-xid 0.2.0 (registry+https://github.com/rust-lang/crates.io-index)",
]

[[package]]
name = "tasks"
version = "0.5.0"
dependencies = [
 "futures 0.3.5 (registry+https://github.com/rust-lang/crates.io-index)",
 "futures-core 0.3.5 (registry+https://github.com/rust-lang/crates.io-index)",
 "futures-util 0.3.5 (registry+https://github.com/rust-lang/crates.io-index)",
 "pin-project 0.4.20 (registry+https://github.com/rust-lang/crates.io-index)",
]

[[package]]
name = "tasks-vinyl"
version = "0.1.0"
dependencies = [
 "bytes 0.5.4 (registry+https://github.com/rust-lang/crates.io-index)",
 "failure 0.1.8 (registry+https://github.com/rust-lang/crates.io-index)",
 "futures-core 0.3.5 (registry+https://github.com/rust-lang/crates.io-index)",
 "futures-io 0.3.5 (registry+https://github.com/rust-lang/crates.io-index)",
 "futures-util 0.3.5 (registry+https://github.com/rust-lang/crates.io-index)",
 "pin-project 0.4.20 (registry+https://github.com/rust-lang/crates.io-index)",
 "tasks 0.5.0",
 "tokio 0.2.21 (registry+https://github.com/rust-lang/crates.io-index)",
 "vfs-async 0.1.0 (git+https://github.com/kildevaeld/vfs-rs)",
]

[[package]]
name = "thread_local"
version = "1.0.1"
source = "registry+https://github.com/rust-lang/crates.io-index"
dependencies = [
 "lazy_static 1.4.0 (registry+https://github.com/rust-lang/crates.io-index)",
]

[[package]]
name = "tokio"
version = "0.2.21"
source = "registry+https://github.com/rust-lang/crates.io-index"
dependencies = [
 "bytes 0.5.4 (registry+https://github.com/rust-lang/crates.io-index)",
 "fnv 1.0.7 (registry+https://github.com/rust-lang/crates.io-index)",
 "futures-core 0.3.5 (registry+https://github.com/rust-lang/crates.io-index)",
 "memchr 2.3.3 (registry+https://github.com/rust-lang/crates.io-index)",
 "pin-project-lite 0.1.7 (registry+https://github.com/rust-lang/crates.io-index)",
 "tokio-macros 0.2.5 (registry+https://github.com/rust-lang/crates.io-index)",
]

[[package]]
name = "tokio-macros"
version = "0.2.5"
source = "registry+https://github.com/rust-lang/crates.io-index"
dependencies = [
 "proc-macro2 1.0.18 (registry+https://github.com/rust-lang/crates.io-index)",
 "quote 1.0.7 (registry+https://github.com/rust-lang/crates.io-index)",
 "syn 1.0.31 (registry+https://github.com/rust-lang/crates.io-index)",
]

[[package]]
name = "unicode-xid"
version = "0.2.0"
source = "registry+https://github.com/rust-lang/crates.io-index"

[[package]]
name = "vfs-async"
version = "0.1.0"
source = "git+https://github.com/kildevaeld/vfs-rs#4179a20eba51d345996d69919d8eb018081ca211"
dependencies = [
 "async-stream 0.2.1 (registry+https://github.com/rust-lang/crates.io-index)",
 "async-trait 0.1.35 (registry+https://github.com/rust-lang/crates.io-index)",
 "futures-core 0.3.5 (registry+https://github.com/rust-lang/crates.io-index)",
 "futures-io 0.3.5 (registry+https://github.com/rust-lang/crates.io-index)",
 "futures-util 0.3.5 (registry+https://github.com/rust-lang/crates.io-index)",
 "globset 0.4.5 (registry+https://github.com/rust-lang/crates.io-index)",
 "pathutils 0.1.0 (git+https://github.com/kildevaeld/pathutils-rs.git)",
 "pin-project 0.4.20 (registry+https://github.com/rust-lang/crates.io-index)",
 "tokio 0.2.21 (registry+https://github.com/rust-lang/crates.io-index)",
]

[metadata]
"checksum addr2line 0.12.1 (registry+https://github.com/rust-lang/crates.io-index)" = "a49806b9dadc843c61e7c97e72490ad7f7220ae249012fbda9ad0609457c0543"
"checksum aho-corasick 0.7.10 (registry+https://github.com/rust-lang/crates.io-index)" = "8716408b8bc624ed7f65d223ddb9ac2d044c0547b6fa4b0d554f3a9540496ada"
"checksum async-stream 0.2.1 (registry+https://github.com/rust-lang/crates.io-index)" = "22068c0c19514942eefcfd4daf8976ef1aad84e61539f95cd200c35202f80af5"
"checksum async-stream-impl 0.2.1 (registry+https://github.com/rust-lang/crates.io-index)" = "25f9db3b38af870bf7e5cc649167533b493928e50744e2c30ae350230b414670"
"checksum async-trait 0.1.35 (registry+https://github.com/rust-lang/crates.io-index)" = "89cb5d814ab2a47fd66d3266e9efccb53ca4c740b7451043b8ffcf9a6208f3f8"
"checksum backtrace 0.3.48 (registry+https://github.com/rust-lang/crates.io-index)" = "0df2f85c8a2abbe3b7d7e748052fdd9b76a0458fdeb16ad4223f5eca78c7c130"
"checksum bstr 0.2.13 (registry+https://github.com/rust-lang/crates.io-index)" = "31accafdb70df7871592c058eca3985b71104e15ac32f64706022c58867da931"
"checksum bytes 0.5.4 (registry+https://github.com/rust-lang/crates.io-index)" = "130aac562c0dd69c56b3b1cc8ffd2e17be31d0b6c25b61c96b76231aa23e39e1"
"checksum cfg-if 0.1.10 (registry+https://github.com/rust-lang/crates.io-index)" = "4785bdd1c96b2a846b2bd7cc02e86b6b3dbf14e7e53446c4f54c92a361040822"
"checksum failure 0.1.8 (registry+https://github.com/rust-lang/crates.io-index)" = "d32e9bd16cc02eae7db7ef620b392808b89f6a5e16bb3497d159c6b92a0f4f86"
"checksum failure_derive 0.1.8 (registry+https://github.com/rust-lang/crates.io-index)" = "aa4da3c766cd7a0db8242e326e9e4e081edd567072893ed320008189715366a4"
"checksum fnv 1.0.7 (registry+https://github.com/rust-lang/crates.io-index)" = "3f9eec918d3f24069decb9af1554cad7c880e2da24a9afd88aca000531ab82c1"
"checksum futures 0.3.5 (registry+https://github.com/rust-lang/crates.io-index)" = "1e05b85ec287aac0dc34db7d4a569323df697f9c55b99b15d6b4ef8cde49f613"
"checksum futures-channel 0.3.5 (registry+https://github.com/rust-lang/crates.io-index)" = "f366ad74c28cca6ba456d95e6422883cfb4b252a83bed929c83abfdbbf2967d5"
"checksum futures-core 0.3.5 (registry+https://github.com/rust-lang/crates.io-index)" = "59f5fff90fd5d971f936ad674802482ba441b6f09ba5e15fd8b39145582ca399"
"checksum futures-executor 0.3.5 (registry+https://github.com/rust-lang/crates.io-index)" = "10d6bb888be1153d3abeb9006b11b02cf5e9b209fda28693c31ae1e4e012e314"
"checksum futures-io 0.3.5 (registry+https://github.com/rust-lang/crates.io-index)" = "de27142b013a8e869c14957e6d2edeef89e97c289e69d042ee3a49acd8b51789"
"checksum futures-macro 0.3.5 (registry+https://github.com/rust-lang/crates.io-index)" = "d0b5a30a4328ab5473878237c447333c093297bded83a4983d10f4deea240d39"
"checksum futures-sink 0.3.5 (registry+https://github.com/rust-lang/crates.io-index)" = "3f2032893cb734c7a05d85ce0cc8b8c4075278e93b24b66f9de99d6eb0fa8acc"
"checksum futures-task 0.3.5 (registry+https://github.com/rust-lang/crates.io-index)" = "bdb66b5f09e22019b1ab0830f7785bcea8e7a42148683f99214f73f8ec21a626"
"checksum futures-util 0.3.5 (registry+https://github.com/rust-lang/crates.io-index)" = "8764574ff08b701a084482c3c7031349104b07ac897393010494beaa18ce32c6"
"checksum gimli 0.21.0 (registry+https://github.com/rust-lang/crates.io-index)" = "bcc8e0c9bce37868955864dbecd2b1ab2bdf967e6f28066d65aaac620444b65c"
"checksum globset 0.4.5 (registry+https://github.com/rust-lang/crates.io-index)" = "7ad1da430bd7281dde2576f44c84cc3f0f7b475e7202cd503042dff01a8c8120"
"checksum lazy_static 1.4.0 (registry+https://github.com/rust-lang/crates.io-index)" = "e2abad23fbc42b3700f2f279844dc832adb2b2eb069b2df918f455c4e18cc646"
"checksum libc 0.2.71 (registry+https://github.com/rust-lang/crates.io-index)" = "9457b06509d27052635f90d6466700c65095fdf75409b3fbdd903e988b886f49"
"checksum log 0.4.8 (registry+https://github.com/rust-lang/crates.io-index)" = "14b6052be84e6b71ab17edffc2eeabf5c2c3ae1fdb464aae35ac50c67a44e1f7"
"checksum memchr 2.3.3 (registry+https://github.com/rust-lang/crates.io-index)" = "3728d817d99e5ac407411fa471ff9800a778d88a24685968b36824eaf4bee400"
"checksum object 0.19.0 (registry+https://github.com/rust-lang/crates.io-index)" = "9cbca9424c482ee628fa549d9c812e2cd22f1180b9222c9200fdfa6eb31aecb2"
"checksum once_cell 1.4.0 (registry+https://github.com/rust-lang/crates.io-index)" = "0b631f7e854af39a1739f401cf34a8a013dfe09eac4fa4dba91e9768bd28168d"
"checksum pathutils 0.1.0 (git+https://github.com/kildevaeld/pathutils-rs.git)" = "<none>"
"checksum pin-project 0.4.20 (registry+https://github.com/rust-lang/crates.io-index)" = "e75373ff9037d112bb19bc61333a06a159eaeb217660dcfbea7d88e1db823919"
"checksum pin-project-internal 0.4.20 (registry+https://github.com/rust-lang/crates.io-index)" = "10b4b44893d3c370407a1d6a5cfde7c41ae0478e31c516c85f67eb3adc51be6d"
"checksum pin-project-lite 0.1.7 (registry+https://github.com/rust-lang/crates.io-index)" = "282adbf10f2698a7a77f8e983a74b2d18176c19a7fd32a45446139ae7b02b715"
"checksum pin-utils 0.1.0 (registry+https://github.com/rust-lang/crates.io-index)" = "8b870d8c151b6f2fb93e84a13146138f05d02ed11c7e7c54f8826aaaf7c9f184"
"checksum proc-macro-hack 0.5.16 (registry+https://github.com/rust-lang/crates.io-index)" = "7e0456befd48169b9f13ef0f0ad46d492cf9d2dbb918bcf38e01eed4ce3ec5e4"
"checksum proc-macro-nested 0.1.5 (registry+https://github.com/rust-lang/crates.io-index)" = "0afe1bd463b9e9ed51d0e0f0b50b6b146aec855c56fd182bb242388710a9b6de"
"checksum proc-macro2 1.0.18 (registry+https://github.com/rust-lang/crates.io-index)" = "beae6331a816b1f65d04c45b078fd8e6c93e8071771f41b8163255bbd8d7c8fa"
"checksum quote 1.0.7 (registry+https://github.com/rust-lang/crates.io-index)" = "aa563d17ecb180e500da1cfd2b028310ac758de548efdd203e18f283af693f37"
"checksum regex 1.3.9 (registry+https://github.com/rust-lang/crates.io-index)" = "9c3780fcf44b193bc4d09f36d2a3c87b251da4a046c87795a0d35f4f927ad8e6"
"checksum regex-syntax 0.6.18 (registry+https://github.com/rust-lang/crates.io-index)" = "26412eb97c6b088a6997e05f69403a802a92d520de2f8e63c2b65f9e0f47c4e8"
"checksum rustc-demangle 0.1.16 (registry+https://github.com/rust-lang/crates.io-index)" = "4c691c0e608126e00913e33f0ccf3727d5fc84573623b8d65b2df340b5201783"
"checksum slab 0.4.2 (registry+https://github.com/rust-lang/crates.io-index)" = "c111b5bd5695e56cffe5129854aa230b39c93a305372fdbb2668ca2394eea9f8"
"checksum syn 1.0.31 (registry+https://github.com/rust-lang/crates.io-index)" = "b5304cfdf27365b7585c25d4af91b35016ed21ef88f17ced89c7093b43dba8b6"
"checksum synstructure 0.12.4 (registry+https://github.com/rust-lang/crates.io-index)" = "b834f2d66f734cb897113e34aaff2f1ab4719ca946f9a7358dba8f8064148701"
"checksum thread_local 1.0.1 (registry+https://github.com/rust-lang/crates.io-index)" = "d40c6d1b69745a6ec6fb1ca717914848da4b44ae29d9b3080cbee91d72a69b14"
"checksum tokio 0.2.21 (registry+https://github.com/rust-lang/crates.io-index)" = "d099fa27b9702bed751524694adbe393e18b36b204da91eb1cbbbbb4a5ee2d58"
"checksum tokio-macros 0.2.5 (registry+https://github.com/rust-lang/crates.io-index)" = "f0c3acc6aa564495a0f2e1d59fab677cd7f81a19994cfc7f3ad0e64301560389"
"checksum unicode-xid 0.2.0 (registry+https://github.com/rust-lang/crates.io-index)" = "826e7639553986605ec5979c7dd957c7895e93eabed50ab2ffa7f6128a75097c"
"checksum vfs-async 0.1.0 (git+https://github.com/kildevaeld/vfs-rs)" = "<none>"
