# This file is automatically @generated by Cargo.
# It is not intended for manual editing.
[[package]]
name = "aho-corasick"
version = "0.7.10"
source = "registry+https://github.com/rust-lang/crates.io-index"
dependencies = [
 "memchr 2.3.3 (registry+https://github.com/rust-lang/crates.io-index)",
]

[[package]]
name = "async-stream"
version = "0.2.1"
source = "registry+https://github.com/rust-lang/crates.io-index"
dependencies = [
 "async-stream-impl 0.2.1 (registry+https://github.com/rust-lang/crates.io-index)",
 "futures-core 0.3.4 (registry+https://github.com/rust-lang/crates.io-index)",
]

[[package]]
name = "async-stream-impl"
version = "0.2.1"
source = "registry+https://github.com/rust-lang/crates.io-index"
dependencies = [
 "proc-macro2 1.0.12 (registry+https://github.com/rust-lang/crates.io-index)",
 "quote 1.0.4 (registry+https://github.com/rust-lang/crates.io-index)",
 "syn 1.0.19 (registry+https://github.com/rust-lang/crates.io-index)",
]

[[package]]
name = "async-trait"
version = "0.1.30"
source = "registry+https://github.com/rust-lang/crates.io-index"
dependencies = [
 "proc-macro2 1.0.12 (registry+https://github.com/rust-lang/crates.io-index)",
 "quote 1.0.4 (registry+https://github.com/rust-lang/crates.io-index)",
 "syn 1.0.19 (registry+https://github.com/rust-lang/crates.io-index)",
]

[[package]]
name = "backtrace"
version = "0.3.46"
source = "registry+https://github.com/rust-lang/crates.io-index"
dependencies = [
 "backtrace-sys 0.1.37 (registry+https://github.com/rust-lang/crates.io-index)",
 "cfg-if 0.1.10 (registry+https://github.com/rust-lang/crates.io-index)",
 "libc 0.2.69 (registry+https://github.com/rust-lang/crates.io-index)",
 "rustc-demangle 0.1.16 (registry+https://github.com/rust-lang/crates.io-index)",
]

[[package]]
name = "backtrace-sys"
version = "0.1.37"
source = "registry+https://github.com/rust-lang/crates.io-index"
dependencies = [
 "cc 1.0.52 (registry+https://github.com/rust-lang/crates.io-index)",
 "libc 0.2.69 (registry+https://github.com/rust-lang/crates.io-index)",
]

[[package]]
name = "bstr"
version = "0.2.12"
source = "registry+https://github.com/rust-lang/crates.io-index"
dependencies = [
 "memchr 2.3.3 (registry+https://github.com/rust-lang/crates.io-index)",
]

[[package]]
name = "bytes"
version = "0.5.4"
source = "registry+https://github.com/rust-lang/crates.io-index"

[[package]]
name = "cc"
version = "1.0.52"
source = "registry+https://github.com/rust-lang/crates.io-index"

[[package]]
name = "cfg-if"
version = "0.1.10"
source = "registry+https://github.com/rust-lang/crates.io-index"

[[package]]
name = "failure"
version = "0.1.8"
source = "registry+https://github.com/rust-lang/crates.io-index"
dependencies = [
 "backtrace 0.3.46 (registry+https://github.com/rust-lang/crates.io-index)",
 "failure_derive 0.1.8 (registry+https://github.com/rust-lang/crates.io-index)",
]

[[package]]
name = "failure_derive"
version = "0.1.8"
source = "registry+https://github.com/rust-lang/crates.io-index"
dependencies = [
 "proc-macro2 1.0.12 (registry+https://github.com/rust-lang/crates.io-index)",
 "quote 1.0.4 (registry+https://github.com/rust-lang/crates.io-index)",
 "syn 1.0.19 (registry+https://github.com/rust-lang/crates.io-index)",
 "synstructure 0.12.3 (registry+https://github.com/rust-lang/crates.io-index)",
]

[[package]]
name = "fnv"
version = "1.0.6"
source = "registry+https://github.com/rust-lang/crates.io-index"

[[package]]
name = "futures"
version = "0.3.4"
source = "registry+https://github.com/rust-lang/crates.io-index"
dependencies = [
 "futures-channel 0.3.4 (registry+https://github.com/rust-lang/crates.io-index)",
 "futures-core 0.3.4 (registry+https://github.com/rust-lang/crates.io-index)",
 "futures-executor 0.3.4 (registry+https://github.com/rust-lang/crates.io-index)",
 "futures-io 0.3.4 (registry+https://github.com/rust-lang/crates.io-index)",
 "futures-sink 0.3.4 (registry+https://github.com/rust-lang/crates.io-index)",
 "futures-task 0.3.4 (registry+https://github.com/rust-lang/crates.io-index)",
 "futures-util 0.3.4 (registry+https://github.com/rust-lang/crates.io-index)",
]

[[package]]
name = "futures-channel"
version = "0.3.4"
source = "registry+https://github.com/rust-lang/crates.io-index"
dependencies = [
 "futures-core 0.3.4 (registry+https://github.com/rust-lang/crates.io-index)",
 "futures-sink 0.3.4 (registry+https://github.com/rust-lang/crates.io-index)",
]

[[package]]
name = "futures-core"
version = "0.3.4"
source = "registry+https://github.com/rust-lang/crates.io-index"

[[package]]
name = "futures-executor"
version = "0.3.4"
source = "registry+https://github.com/rust-lang/crates.io-index"
dependencies = [
 "futures-core 0.3.4 (registry+https://github.com/rust-lang/crates.io-index)",
 "futures-task 0.3.4 (registry+https://github.com/rust-lang/crates.io-index)",
 "futures-util 0.3.4 (registry+https://github.com/rust-lang/crates.io-index)",
]

[[package]]
name = "futures-io"
version = "0.3.4"
source = "registry+https://github.com/rust-lang/crates.io-index"

[[package]]
name = "futures-macro"
version = "0.3.4"
source = "registry+https://github.com/rust-lang/crates.io-index"
dependencies = [
 "proc-macro-hack 0.5.15 (registry+https://github.com/rust-lang/crates.io-index)",
 "proc-macro2 1.0.12 (registry+https://github.com/rust-lang/crates.io-index)",
 "quote 1.0.4 (registry+https://github.com/rust-lang/crates.io-index)",
 "syn 1.0.19 (registry+https://github.com/rust-lang/crates.io-index)",
]

[[package]]
name = "futures-sink"
version = "0.3.4"
source = "registry+https://github.com/rust-lang/crates.io-index"

[[package]]
name = "futures-task"
version = "0.3.4"
source = "registry+https://github.com/rust-lang/crates.io-index"

[[package]]
name = "futures-util"
version = "0.3.4"
source = "registry+https://github.com/rust-lang/crates.io-index"
dependencies = [
 "futures-channel 0.3.4 (registry+https://github.com/rust-lang/crates.io-index)",
 "futures-core 0.3.4 (registry+https://github.com/rust-lang/crates.io-index)",
 "futures-io 0.3.4 (registry+https://github.com/rust-lang/crates.io-index)",
 "futures-macro 0.3.4 (registry+https://github.com/rust-lang/crates.io-index)",
 "futures-sink 0.3.4 (registry+https://github.com/rust-lang/crates.io-index)",
 "futures-task 0.3.4 (registry+https://github.com/rust-lang/crates.io-index)",
 "memchr 2.3.3 (registry+https://github.com/rust-lang/crates.io-index)",
 "pin-utils 0.1.0 (registry+https://github.com/rust-lang/crates.io-index)",
 "proc-macro-hack 0.5.15 (registry+https://github.com/rust-lang/crates.io-index)",
 "proc-macro-nested 0.1.4 (registry+https://github.com/rust-lang/crates.io-index)",
 "slab 0.4.2 (registry+https://github.com/rust-lang/crates.io-index)",
]

[[package]]
name = "globset"
version = "0.4.5"
source = "registry+https://github.com/rust-lang/crates.io-index"
dependencies = [
 "aho-corasick 0.7.10 (registry+https://github.com/rust-lang/crates.io-index)",
 "bstr 0.2.12 (registry+https://github.com/rust-lang/crates.io-index)",
 "fnv 1.0.6 (registry+https://github.com/rust-lang/crates.io-index)",
 "log 0.4.8 (registry+https://github.com/rust-lang/crates.io-index)",
 "regex 1.3.7 (registry+https://github.com/rust-lang/crates.io-index)",
]

[[package]]
name = "lazy_static"
version = "1.4.0"
source = "registry+https://github.com/rust-lang/crates.io-index"

[[package]]
name = "libc"
version = "0.2.69"
source = "registry+https://github.com/rust-lang/crates.io-index"

[[package]]
name = "log"
version = "0.4.8"
source = "registry+https://github.com/rust-lang/crates.io-index"
dependencies = [
 "cfg-if 0.1.10 (registry+https://github.com/rust-lang/crates.io-index)",
]

[[package]]
name = "memchr"
version = "2.3.3"
source = "registry+https://github.com/rust-lang/crates.io-index"

[[package]]
name = "pathutils"
version = "0.1.0"
source = "git+https://github.com/kildevaeld/pathutils-rs.git#338b37de92fdf7b077c9627bb1df5dc2c95fade9"
dependencies = [
 "lazy_static 1.4.0 (registry+https://github.com/rust-lang/crates.io-index)",
 "regex 1.3.7 (registry+https://github.com/rust-lang/crates.io-index)",
]

[[package]]
name = "pin-project"
version = "0.4.13"
source = "registry+https://github.com/rust-lang/crates.io-index"
dependencies = [
 "pin-project-internal 0.4.13 (registry+https://github.com/rust-lang/crates.io-index)",
]

[[package]]
name = "pin-project-internal"
version = "0.4.13"
source = "registry+https://github.com/rust-lang/crates.io-index"
dependencies = [
 "proc-macro2 1.0.12 (registry+https://github.com/rust-lang/crates.io-index)",
 "quote 1.0.4 (registry+https://github.com/rust-lang/crates.io-index)",
 "syn 1.0.19 (registry+https://github.com/rust-lang/crates.io-index)",
]

[[package]]
name = "pin-project-lite"
version = "0.1.5"
source = "registry+https://github.com/rust-lang/crates.io-index"

[[package]]
name = "pin-utils"
version = "0.1.0"
source = "registry+https://github.com/rust-lang/crates.io-index"

[[package]]
name = "proc-macro-hack"
version = "0.5.15"
source = "registry+https://github.com/rust-lang/crates.io-index"

[[package]]
name = "proc-macro-nested"
version = "0.1.4"
source = "registry+https://github.com/rust-lang/crates.io-index"

[[package]]
name = "proc-macro2"
version = "1.0.12"
source = "registry+https://github.com/rust-lang/crates.io-index"
dependencies = [
 "unicode-xid 0.2.0 (registry+https://github.com/rust-lang/crates.io-index)",
]

[[package]]
name = "quote"
version = "1.0.4"
source = "registry+https://github.com/rust-lang/crates.io-index"
dependencies = [
 "proc-macro2 1.0.12 (registry+https://github.com/rust-lang/crates.io-index)",
]

[[package]]
name = "regex"
version = "1.3.7"
source = "registry+https://github.com/rust-lang/crates.io-index"
dependencies = [
 "aho-corasick 0.7.10 (registry+https://github.com/rust-lang/crates.io-index)",
 "memchr 2.3.3 (registry+https://github.com/rust-lang/crates.io-index)",
 "regex-syntax 0.6.17 (registry+https://github.com/rust-lang/crates.io-index)",
 "thread_local 1.0.1 (registry+https://github.com/rust-lang/crates.io-index)",
]

[[package]]
name = "regex-syntax"
version = "0.6.17"
source = "registry+https://github.com/rust-lang/crates.io-index"

[[package]]
name = "rustc-demangle"
version = "0.1.16"
source = "registry+https://github.com/rust-lang/crates.io-index"

[[package]]
name = "slab"
version = "0.4.2"
source = "registry+https://github.com/rust-lang/crates.io-index"

[[package]]
name = "syn"
version = "1.0.19"
source = "registry+https://github.com/rust-lang/crates.io-index"
dependencies = [
 "proc-macro2 1.0.12 (registry+https://github.com/rust-lang/crates.io-index)",
 "quote 1.0.4 (registry+https://github.com/rust-lang/crates.io-index)",
 "unicode-xid 0.2.0 (registry+https://github.com/rust-lang/crates.io-index)",
]

[[package]]
name = "synstructure"
version = "0.12.3"
source = "registry+https://github.com/rust-lang/crates.io-index"
dependencies = [
 "proc-macro2 1.0.12 (registry+https://github.com/rust-lang/crates.io-index)",
 "quote 1.0.4 (registry+https://github.com/rust-lang/crates.io-index)",
 "syn 1.0.19 (registry+https://github.com/rust-lang/crates.io-index)",
 "unicode-xid 0.2.0 (registry+https://github.com/rust-lang/crates.io-index)",
]

[[package]]
name = "tasks"
version = "0.4.1"
dependencies = [
 "futures 0.3.4 (registry+https://github.com/rust-lang/crates.io-index)",
 "futures-core 0.3.4 (registry+https://github.com/rust-lang/crates.io-index)",
 "futures-util 0.3.4 (registry+https://github.com/rust-lang/crates.io-index)",
 "pin-project 0.4.13 (registry+https://github.com/rust-lang/crates.io-index)",
]

[[package]]
name = "tasks-vinyl"
version = "0.1.0"
dependencies = [
 "bytes 0.5.4 (registry+https://github.com/rust-lang/crates.io-index)",
 "failure 0.1.8 (registry+https://github.com/rust-lang/crates.io-index)",
 "futures-core 0.3.4 (registry+https://github.com/rust-lang/crates.io-index)",
 "futures-io 0.3.4 (registry+https://github.com/rust-lang/crates.io-index)",
 "futures-util 0.3.4 (registry+https://github.com/rust-lang/crates.io-index)",
 "pin-project 0.4.13 (registry+https://github.com/rust-lang/crates.io-index)",
 "tasks 0.4.1",
 "tokio 0.2.20 (registry+https://github.com/rust-lang/crates.io-index)",
 "vfs-async 0.1.0 (git+https://github.com/kildevaeld/vfs-rs)",
]

[[package]]
name = "thread_local"
version = "1.0.1"
source = "registry+https://github.com/rust-lang/crates.io-index"
dependencies = [
 "lazy_static 1.4.0 (registry+https://github.com/rust-lang/crates.io-index)",
]

[[package]]
name = "tokio"
version = "0.2.20"
source = "registry+https://github.com/rust-lang/crates.io-index"
dependencies = [
 "bytes 0.5.4 (registry+https://github.com/rust-lang/crates.io-index)",
 "futures-core 0.3.4 (registry+https://github.com/rust-lang/crates.io-index)",
 "memchr 2.3.3 (registry+https://github.com/rust-lang/crates.io-index)",
 "pin-project-lite 0.1.5 (registry+https://github.com/rust-lang/crates.io-index)",
 "tokio-macros 0.2.5 (registry+https://github.com/rust-lang/crates.io-index)",
]

[[package]]
name = "tokio-macros"
version = "0.2.5"
source = "registry+https://github.com/rust-lang/crates.io-index"
dependencies = [
 "proc-macro2 1.0.12 (registry+https://github.com/rust-lang/crates.io-index)",
 "quote 1.0.4 (registry+https://github.com/rust-lang/crates.io-index)",
 "syn 1.0.19 (registry+https://github.com/rust-lang/crates.io-index)",
]

[[package]]
name = "unicode-xid"
version = "0.2.0"
source = "registry+https://github.com/rust-lang/crates.io-index"

[[package]]
name = "vfs-async"
version = "0.1.0"
source = "git+https://github.com/kildevaeld/vfs-rs#0cc89b0c4c78d1732fcadc0576abbb09c8a353c6"
dependencies = [
 "async-stream 0.2.1 (registry+https://github.com/rust-lang/crates.io-index)",
 "async-trait 0.1.30 (registry+https://github.com/rust-lang/crates.io-index)",
 "futures-core 0.3.4 (registry+https://github.com/rust-lang/crates.io-index)",
 "futures-io 0.3.4 (registry+https://github.com/rust-lang/crates.io-index)",
 "futures-util 0.3.4 (registry+https://github.com/rust-lang/crates.io-index)",
 "globset 0.4.5 (registry+https://github.com/rust-lang/crates.io-index)",
 "pathutils 0.1.0 (git+https://github.com/kildevaeld/pathutils-rs.git)",
 "pin-project 0.4.13 (registry+https://github.com/rust-lang/crates.io-index)",
 "tokio 0.2.20 (registry+https://github.com/rust-lang/crates.io-index)",
]

[metadata]
"checksum aho-corasick 0.7.10 (registry+https://github.com/rust-lang/crates.io-index)" = "8716408b8bc624ed7f65d223ddb9ac2d044c0547b6fa4b0d554f3a9540496ada"
"checksum async-stream 0.2.1 (registry+https://github.com/rust-lang/crates.io-index)" = "22068c0c19514942eefcfd4daf8976ef1aad84e61539f95cd200c35202f80af5"
"checksum async-stream-impl 0.2.1 (registry+https://github.com/rust-lang/crates.io-index)" = "25f9db3b38af870bf7e5cc649167533b493928e50744e2c30ae350230b414670"
"checksum async-trait 0.1.30 (registry+https://github.com/rust-lang/crates.io-index)" = "da71fef07bc806586090247e971229289f64c210a278ee5ae419314eb386b31d"
"checksum backtrace 0.3.46 (registry+https://github.com/rust-lang/crates.io-index)" = "b1e692897359247cc6bb902933361652380af0f1b7651ae5c5013407f30e109e"
"checksum backtrace-sys 0.1.37 (registry+https://github.com/rust-lang/crates.io-index)" = "18fbebbe1c9d1f383a9cc7e8ccdb471b91c8d024ee9c2ca5b5346121fe8b4399"
"checksum bstr 0.2.12 (registry+https://github.com/rust-lang/crates.io-index)" = "2889e6d50f394968c8bf4240dc3f2a7eb4680844d27308f798229ac9d4725f41"
"checksum bytes 0.5.4 (registry+https://github.com/rust-lang/crates.io-index)" = "130aac562c0dd69c56b3b1cc8ffd2e17be31d0b6c25b61c96b76231aa23e39e1"
"checksum cc 1.0.52 (registry+https://github.com/rust-lang/crates.io-index)" = "c3d87b23d6a92cd03af510a5ade527033f6aa6fa92161e2d5863a907d4c5e31d"
"checksum cfg-if 0.1.10 (registry+https://github.com/rust-lang/crates.io-index)" = "4785bdd1c96b2a846b2bd7cc02e86b6b3dbf14e7e53446c4f54c92a361040822"
"checksum failure 0.1.8 (registry+https://github.com/rust-lang/crates.io-index)" = "d32e9bd16cc02eae7db7ef620b392808b89f6a5e16bb3497d159c6b92a0f4f86"
"checksum failure_derive 0.1.8 (registry+https://github.com/rust-lang/crates.io-index)" = "aa4da3c766cd7a0db8242e326e9e4e081edd567072893ed320008189715366a4"
"checksum fnv 1.0.6 (registry+https://github.com/rust-lang/crates.io-index)" = "2fad85553e09a6f881f739c29f0b00b0f01357c743266d478b68951ce23285f3"
"checksum futures 0.3.4 (registry+https://github.com/rust-lang/crates.io-index)" = "5c329ae8753502fb44ae4fc2b622fa2a94652c41e795143765ba0927f92ab780"
"checksum futures-channel 0.3.4 (registry+https://github.com/rust-lang/crates.io-index)" = "f0c77d04ce8edd9cb903932b608268b3fffec4163dc053b3b402bf47eac1f1a8"
"checksum futures-core 0.3.4 (registry+https://github.com/rust-lang/crates.io-index)" = "f25592f769825e89b92358db00d26f965761e094951ac44d3663ef25b7ac464a"
"checksum futures-executor 0.3.4 (registry+https://github.com/rust-lang/crates.io-index)" = "f674f3e1bcb15b37284a90cedf55afdba482ab061c407a9c0ebbd0f3109741ba"
"checksum futures-io 0.3.4 (registry+https://github.com/rust-lang/crates.io-index)" = "a638959aa96152c7a4cddf50fcb1e3fede0583b27157c26e67d6f99904090dc6"
"checksum futures-macro 0.3.4 (registry+https://github.com/rust-lang/crates.io-index)" = "9a5081aa3de1f7542a794a397cde100ed903b0630152d0973479018fd85423a7"
"checksum futures-sink 0.3.4 (registry+https://github.com/rust-lang/crates.io-index)" = "3466821b4bc114d95b087b850a724c6f83115e929bc88f1fa98a3304a944c8a6"
"checksum futures-task 0.3.4 (registry+https://github.com/rust-lang/crates.io-index)" = "7b0a34e53cf6cdcd0178aa573aed466b646eb3db769570841fda0c7ede375a27"
"checksum futures-util 0.3.4 (registry+https://github.com/rust-lang/crates.io-index)" = "22766cf25d64306bedf0384da004d05c9974ab104fcc4528f1236181c18004c5"
"checksum globset 0.4.5 (registry+https://github.com/rust-lang/crates.io-index)" = "7ad1da430bd7281dde2576f44c84cc3f0f7b475e7202cd503042dff01a8c8120"
"checksum lazy_static 1.4.0 (registry+https://github.com/rust-lang/crates.io-index)" = "e2abad23fbc42b3700f2f279844dc832adb2b2eb069b2df918f455c4e18cc646"
"checksum libc 0.2.69 (registry+https://github.com/rust-lang/crates.io-index)" = "99e85c08494b21a9054e7fe1374a732aeadaff3980b6990b94bfd3a70f690005"
"checksum log 0.4.8 (registry+https://github.com/rust-lang/crates.io-index)" = "14b6052be84e6b71ab17edffc2eeabf5c2c3ae1fdb464aae35ac50c67a44e1f7"
"checksum memchr 2.3.3 (registry+https://github.com/rust-lang/crates.io-index)" = "3728d817d99e5ac407411fa471ff9800a778d88a24685968b36824eaf4bee400"
"checksum pathutils 0.1.0 (git+https://github.com/kildevaeld/pathutils-rs.git)" = "<none>"
"checksum pin-project 0.4.13 (registry+https://github.com/rust-lang/crates.io-index)" = "82c3bfbfb5bb42f99498c7234bbd768c220eb0cea6818259d0d18a1aa3d2595d"
"checksum pin-project-internal 0.4.13 (registry+https://github.com/rust-lang/crates.io-index)" = "ccbf6449dcfb18562c015526b085b8df1aa3cdab180af8ec2ebd300a3bd28f63"
"checksum pin-project-lite 0.1.5 (registry+https://github.com/rust-lang/crates.io-index)" = "f7505eeebd78492e0f6108f7171c4948dbb120ee8119d9d77d0afa5469bef67f"
"checksum pin-utils 0.1.0 (registry+https://github.com/rust-lang/crates.io-index)" = "8b870d8c151b6f2fb93e84a13146138f05d02ed11c7e7c54f8826aaaf7c9f184"
"checksum proc-macro-hack 0.5.15 (registry+https://github.com/rust-lang/crates.io-index)" = "0d659fe7c6d27f25e9d80a1a094c223f5246f6a6596453e09d7229bf42750b63"
"checksum proc-macro-nested 0.1.4 (registry+https://github.com/rust-lang/crates.io-index)" = "8e946095f9d3ed29ec38de908c22f95d9ac008e424c7bcae54c75a79c527c694"
"checksum proc-macro2 1.0.12 (registry+https://github.com/rust-lang/crates.io-index)" = "8872cf6f48eee44265156c111456a700ab3483686b3f96df4cf5481c89157319"
"checksum quote 1.0.4 (registry+https://github.com/rust-lang/crates.io-index)" = "4c1f4b0efa5fc5e8ceb705136bfee52cfdb6a4e3509f770b478cd6ed434232a7"
"checksum regex 1.3.7 (registry+https://github.com/rust-lang/crates.io-index)" = "a6020f034922e3194c711b82a627453881bc4682166cabb07134a10c26ba7692"
"checksum regex-syntax 0.6.17 (registry+https://github.com/rust-lang/crates.io-index)" = "7fe5bd57d1d7414c6b5ed48563a2c855d995ff777729dcd91c369ec7fea395ae"
"checksum rustc-demangle 0.1.16 (registry+https://github.com/rust-lang/crates.io-index)" = "4c691c0e608126e00913e33f0ccf3727d5fc84573623b8d65b2df340b5201783"
"checksum slab 0.4.2 (registry+https://github.com/rust-lang/crates.io-index)" = "c111b5bd5695e56cffe5129854aa230b39c93a305372fdbb2668ca2394eea9f8"
"checksum syn 1.0.19 (registry+https://github.com/rust-lang/crates.io-index)" = "e8e5aa70697bb26ee62214ae3288465ecec0000f05182f039b477001f08f5ae7"
"checksum synstructure 0.12.3 (registry+https://github.com/rust-lang/crates.io-index)" = "67656ea1dc1b41b1451851562ea232ec2e5a80242139f7e679ceccfb5d61f545"
"checksum thread_local 1.0.1 (registry+https://github.com/rust-lang/crates.io-index)" = "d40c6d1b69745a6ec6fb1ca717914848da4b44ae29d9b3080cbee91d72a69b14"
"checksum tokio 0.2.20 (registry+https://github.com/rust-lang/crates.io-index)" = "05c1d570eb1a36f0345a5ce9c6c6e665b70b73d11236912c0b477616aeec47b1"
"checksum tokio-macros 0.2.5 (registry+https://github.com/rust-lang/crates.io-index)" = "f0c3acc6aa564495a0f2e1d59fab677cd7f81a19994cfc7f3ad0e64301560389"
"checksum unicode-xid 0.2.0 (registry+https://github.com/rust-lang/crates.io-index)" = "826e7639553986605ec5979c7dd957c7895e93eabed50ab2ffa7f6128a75097c"
"checksum vfs-async 0.1.0 (git+https://github.com/kildevaeld/vfs-rs)" = "<none>"
